
Microsoft Visual Studio Solution File, Format Version 10.00
# Visual Studio 2008
Project("{FAE04EC0-301F-11D3-BF4B-00C04F79EFBC}") = "ioex-cs", "ioex-cs\ioex-cs.csproj", "{E49953A6-3226-423C-8C22-C246A0D14CEF}"
EndProject
Project("{FAE04EC0-301F-11D3-BF4B-00C04F79EFBC}") = "testonly", "testonly\testonly.csproj", "{D779582C-4282-4BF0-8690-00B725F2854B}"
EndProject
Project("{54435603-DBB4-11D2-8724-00A0C9A8B90C}") = "ioex-setup-10t", "ioex-setup\ioex-setup.vdproj", "{A7CC8867-E7FD-42B1-8992-63500ACAC912}"
EndProject
Project("{54435603-DBB4-11D2-8724-00A0C9A8B90C}") = "ioex-setup-14t", "ioex-setup-14t\ioex-setup-14t.vdproj", "{539F6454-F355-435E-962F-C35294D97BBC}"
EndProject
Project("{FAE04EC0-301F-11D3-BF4B-00C04F79EFBC}") = "ioextools", "ioextools\ioextools.csproj", "{B8291A60-253B-47DB-AAFB-E3512A802949}"
EndProject
Global
	GlobalSection(SolutionConfigurationPlatforms) = preSolution
		Debug|Any CPU = Debug|Any CPU
		Debug14|Any CPU = Debug14|Any CPU
		Release|Any CPU = Release|Any CPU
		Release14|Any CPU = Release14|Any CPU
	EndGlobalSection
	GlobalSection(ProjectConfigurationPlatforms) = postSolution
		{E49953A6-3226-423C-8C22-C246A0D14CEF}.Debug|Any CPU.ActiveCfg = Debug|Any CPU
		{E49953A6-3226-423C-8C22-C246A0D14CEF}.Debug|Any CPU.Build.0 = Debug|Any CPU
		{E49953A6-3226-423C-8C22-C246A0D14CEF}.Debug14|Any CPU.ActiveCfg = Debug14|Any CPU
		{E49953A6-3226-423C-8C22-C246A0D14CEF}.Debug14|Any CPU.Build.0 = Debug14|Any CPU
		{E49953A6-3226-423C-8C22-C246A0D14CEF}.Release|Any CPU.ActiveCfg = Release|Any CPU
		{E49953A6-3226-423C-8C22-C246A0D14CEF}.Release|Any CPU.Build.0 = Release|Any CPU
		{E49953A6-3226-423C-8C22-C246A0D14CEF}.Release14|Any CPU.ActiveCfg = Release14|Any CPU
		{E49953A6-3226-423C-8C22-C246A0D14CEF}.Release14|Any CPU.Build.0 = Release14|Any CPU
		{D779582C-4282-4BF0-8690-00B725F2854B}.Debug|Any CPU.ActiveCfg = Debug|Any CPU
		{D779582C-4282-4BF0-8690-00B725F2854B}.Debug|Any CPU.Build.0 = Debug|Any CPU
		{D779582C-4282-4BF0-8690-00B725F2854B}.Debug14|Any CPU.ActiveCfg = Debug14|Any CPU
		{D779582C-4282-4BF0-8690-00B725F2854B}.Debug14|Any CPU.Build.0 = Debug14|Any CPU
		{D779582C-4282-4BF0-8690-00B725F2854B}.Release|Any CPU.ActiveCfg = Release|Any CPU
		{D779582C-4282-4BF0-8690-00B725F2854B}.Release|Any CPU.Build.0 = Release|Any CPU
		{D779582C-4282-4BF0-8690-00B725F2854B}.Release14|Any CPU.ActiveCfg = Release14|Any CPU
		{D779582C-4282-4BF0-8690-00B725F2854B}.Release14|Any CPU.Build.0 = Release14|Any CPU
		{A7CC8867-E7FD-42B1-8992-63500ACAC912}.Debug|Any CPU.ActiveCfg = Debug
		{A7CC8867-E7FD-42B1-8992-63500ACAC912}.Debug14|Any CPU.ActiveCfg = Debug
		{A7CC8867-E7FD-42B1-8992-63500ACAC912}.Release|Any CPU.ActiveCfg = Release
		{A7CC8867-E7FD-42B1-8992-63500ACAC912}.Release14|Any CPU.ActiveCfg = Release
		{539F6454-F355-435E-962F-C35294D97BBC}.Debug|Any CPU.ActiveCfg = Debug
		{539F6454-F355-435E-962F-C35294D97BBC}.Debug14|Any CPU.ActiveCfg = Debug
		{539F6454-F355-435E-962F-C35294D97BBC}.Release|Any CPU.ActiveCfg = Release
		{539F6454-F355-435E-962F-C35294D97BBC}.Release14|Any CPU.ActiveCfg = Release
		{B8291A60-253B-47DB-AAFB-E3512A802949}.Debug|Any CPU.ActiveCfg = Debug|Any CPU
		{B8291A60-253B-47DB-AAFB-E3512A802949}.Debug|Any CPU.Build.0 = Debug|Any CPU
		{B8291A60-253B-47DB-AAFB-E3512A802949}.Debug14|Any CPU.ActiveCfg = Debug|Any CPU
		{B8291A60-253B-47DB-AAFB-E3512A802949}.Debug14|Any CPU.Build.0 = Debug|Any CPU
		{B8291A60-253B-47DB-AAFB-E3512A802949}.Release|Any CPU.ActiveCfg = Release|Any CPU
		{B8291A60-253B-47DB-AAFB-E3512A802949}.Release|Any CPU.Build.0 = Release|Any CPU
		{B8291A60-253B-47DB-AAFB-E3512A802949}.Release14|Any CPU.ActiveCfg = Release|Any CPU
		{B8291A60-253B-47DB-AAFB-E3512A802949}.Release14|Any CPU.Build.0 = Release|Any CPU
	EndGlobalSection
	GlobalSection(SolutionProperties) = preSolution
		HideSolutionNode = FALSE
	EndGlobalSection
EndGlobal
