
Microsoft Visual Studio Solution File, Format Version 10.00
# Visual Studio 2008
Project("{FAE04EC0-301F-11D3-BF4B-00C04F79EFBC}") = "testPPI", "testPPI\testPPI.csproj", "{2993531C-3137-4914-B630-3E8E837B1E65}"
EndProject
Global
	GlobalSection(SolutionConfigurationPlatforms) = preSolution
		Debug|Any CPU = Debug|Any CPU
		Release|Any CPU = Release|Any CPU
	EndGlobalSection
	GlobalSection(ProjectConfigurationPlatforms) = postSolution
		{2993531C-3137-4914-B630-3E8E837B1E65}.Debug|Any CPU.ActiveCfg = Debug|Any CPU
		{2993531C-3137-4914-B630-3E8E837B1E65}.Debug|Any CPU.Build.0 = Debug|Any CPU
		{2993531C-3137-4914-B630-3E8E837B1E65}.Release|Any CPU.ActiveCfg = Release|Any CPU
		{2993531C-3137-4914-B630-3E8E837B1E65}.Release|Any CPU.Build.0 = Release|Any CPU
	EndGlobalSection
	GlobalSection(SolutionProperties) = preSolution
		HideSolutionNode = FALSE
	EndGlobalSection
EndGlobal
